
Microsoft Visual Studio Solution File, Format Version 12.00
# Visual Studio Version 16
VisualStudioVersion = 16.0.30717.126
MinimumVisualStudioVersion = 10.0.40219.1
Project("{9A19103F-16F7-4668-BE54-9A1E7A4F7556}") = "Day1", "Day1\Day1.csproj", "{9B9E6D20-239A-4140-BFE7-0CE589D9824F}"
EndProject
Project("{9A19103F-16F7-4668-BE54-9A1E7A4F7556}") = "Day2", "Day2\Day2.csproj", "{0BF0EC89-43A8-427C-8B52-C9F159EFC55E}"
EndProject
Project("{9A19103F-16F7-4668-BE54-9A1E7A4F7556}") = "Day3", "Day3\Day3.csproj", "{3B46356D-4CD7-4FA2-A755-5C20E08A0A25}"
EndProject
Project("{FAE04EC0-301F-11D3-BF4B-00C04F79EFBC}") = "Day4", "Day4\Day4.csproj", "{89508B98-BAE9-49B8-8B7D-427378961977}"
EndProject
Project("{FAE04EC0-301F-11D3-BF4B-00C04F79EFBC}") = "Day5", "Day5\Day5.csproj", "{3B9A75D3-3464-4DBC-8E86-EA54E7F92251}"
EndProject
Global
	GlobalSection(SolutionConfigurationPlatforms) = preSolution
		Debug|Any CPU = Debug|Any CPU
		Release|Any CPU = Release|Any CPU
	EndGlobalSection
	GlobalSection(ProjectConfigurationPlatforms) = postSolution
		{9B9E6D20-239A-4140-BFE7-0CE589D9824F}.Debug|Any CPU.ActiveCfg = Debug|Any CPU
		{9B9E6D20-239A-4140-BFE7-0CE589D9824F}.Debug|Any CPU.Build.0 = Debug|Any CPU
		{9B9E6D20-239A-4140-BFE7-0CE589D9824F}.Release|Any CPU.ActiveCfg = Release|Any CPU
		{9B9E6D20-239A-4140-BFE7-0CE589D9824F}.Release|Any CPU.Build.0 = Release|Any CPU
		{0BF0EC89-43A8-427C-8B52-C9F159EFC55E}.Debug|Any CPU.ActiveCfg = Debug|Any CPU
		{0BF0EC89-43A8-427C-8B52-C9F159EFC55E}.Debug|Any CPU.Build.0 = Debug|Any CPU
		{0BF0EC89-43A8-427C-8B52-C9F159EFC55E}.Release|Any CPU.ActiveCfg = Release|Any CPU
		{0BF0EC89-43A8-427C-8B52-C9F159EFC55E}.Release|Any CPU.Build.0 = Release|Any CPU
		{3B46356D-4CD7-4FA2-A755-5C20E08A0A25}.Debug|Any CPU.ActiveCfg = Debug|Any CPU
		{3B46356D-4CD7-4FA2-A755-5C20E08A0A25}.Debug|Any CPU.Build.0 = Debug|Any CPU
		{3B46356D-4CD7-4FA2-A755-5C20E08A0A25}.Release|Any CPU.ActiveCfg = Release|Any CPU
		{3B46356D-4CD7-4FA2-A755-5C20E08A0A25}.Release|Any CPU.Build.0 = Release|Any CPU
		{89508B98-BAE9-49B8-8B7D-427378961977}.Debug|Any CPU.ActiveCfg = Debug|Any CPU
		{89508B98-BAE9-49B8-8B7D-427378961977}.Debug|Any CPU.Build.0 = Debug|Any CPU
		{89508B98-BAE9-49B8-8B7D-427378961977}.Release|Any CPU.ActiveCfg = Release|Any CPU
		{89508B98-BAE9-49B8-8B7D-427378961977}.Release|Any CPU.Build.0 = Release|Any CPU
		{3B9A75D3-3464-4DBC-8E86-EA54E7F92251}.Debug|Any CPU.ActiveCfg = Debug|Any CPU
		{3B9A75D3-3464-4DBC-8E86-EA54E7F92251}.Debug|Any CPU.Build.0 = Debug|Any CPU
		{3B9A75D3-3464-4DBC-8E86-EA54E7F92251}.Release|Any CPU.ActiveCfg = Release|Any CPU
		{3B9A75D3-3464-4DBC-8E86-EA54E7F92251}.Release|Any CPU.Build.0 = Release|Any CPU
	EndGlobalSection
	GlobalSection(SolutionProperties) = preSolution
		HideSolutionNode = FALSE
	EndGlobalSection
	GlobalSection(ExtensibilityGlobals) = postSolution
		SolutionGuid = {3EA1B132-9A0D-444F-838B-6AC5FD395527}
	EndGlobalSection
EndGlobal
